// !$*UTF8*$!
{
	archiveVersion = 1;
	classes = {
	};
	objectVersion = 71;
	objects = {

/* Begin PBXBuildFile section */
		A10000000000000000000001 /* PureTextiOSApp.swift in Sources */ = {isa = PBXBuildFile; fileRef = A10000000000000000000011 /* PureTextiOSApp.swift */; };
		A10000000000000000000002 /* EditorSessionStore.swift in Sources */ = {isa = PBXBuildFile; fileRef = A10000000000000000000012 /* EditorSessionStore.swift */; };
		A10000000000000000000003 /* EditorScreen.swift in Sources */ = {isa = PBXBuildFile; fileRef = A10000000000000000000013 /* EditorScreen.swift */; };
		A10000000000000000000004 /* PlainTextFileDocument.swift in Sources */ = {isa = PBXBuildFile; fileRef = A10000000000000000000014 /* PlainTextFileDocument.swift */; };
		A10000000000000000000005 /* SessionDraftStore.swift in Sources */ = {isa = PBXBuildFile; fileRef = A10000000000000000000015 /* SessionDraftStore.swift */; };
		A10000000000000000000006 /* PlainTextView.swift in Sources */ = {isa = PBXBuildFile; fileRef = A10000000000000000000016 /* PlainTextView.swift */; };
		A10000000000000000000007 /* Assets.xcassets in Resources */ = {isa = PBXBuildFile; fileRef = A10000000000000000000017 /* Assets.xcassets */; };
		A10000000000000000000008 /* PureTextCore in Frameworks */ = {isa = PBXBuildFile; productRef = A10000000000000000000031 /* PureTextCore */; };
/* End PBXBuildFile section */

/* Begin PBXFileReference section */
		A10000000000000000000009 /* PureText.app */ = {isa = PBXFileReference; explicitFileType = wrapper.application; includeInIndex = 0; path = PureText.app; sourceTree = BUILT_PRODUCTS_DIR; };
		A10000000000000000000011 /* PureTextiOSApp.swift */ = {isa = PBXFileReference; lastKnownFileType = sourcecode.swift; path = PureTextiOSApp.swift; sourceTree = "<group>"; };
		A10000000000000000000012 /* EditorSessionStore.swift */ = {isa = PBXFileReference; lastKnownFileType = sourcecode.swift; path = EditorSessionStore.swift; sourceTree = "<group>"; };
		A10000000000000000000013 /* EditorScreen.swift */ = {isa = PBXFileReference; lastKnownFileType = sourcecode.swift; path = EditorScreen.swift; sourceTree = "<group>"; };
		A10000000000000000000014 /* PlainTextFileDocument.swift */ = {isa = PBXFileReference; lastKnownFileType = sourcecode.swift; path = PlainTextFileDocument.swift; sourceTree = "<group>"; };
		A10000000000000000000015 /* SessionDraftStore.swift */ = {isa = PBXFileReference; lastKnownFileType = sourcecode.swift; path = SessionDraftStore.swift; sourceTree = "<group>"; };
		A10000000000000000000016 /* PlainTextView.swift */ = {isa = PBXFileReference; lastKnownFileType = sourcecode.swift; path = PlainTextView.swift; sourceTree = "<group>"; };
		A10000000000000000000017 /* Assets.xcassets */ = {isa = PBXFileReference; lastKnownFileType = folder.assetcatalog; path = Assets.xcassets; sourceTree = "<group>"; };
		A10000000000000000000070 /* Config/Shared.xcconfig */ = {isa = PBXFileReference; lastKnownFileType = text.xcconfig; path = Config/Shared.xcconfig; sourceTree = SOURCE_ROOT; };
		A10000000000000000000071 /* Config/Local.example.xcconfig */ = {isa = PBXFileReference; lastKnownFileType = text.xcconfig; path = Config/Local.example.xcconfig; sourceTree = SOURCE_ROOT; };
/* End PBXFileReference section */

/* Begin PBXFrameworksBuildPhase section */
		A10000000000000000000021 /* Frameworks */ = {
			isa = PBXFrameworksBuildPhase;
			buildActionMask = 2147483647;
			files = (
				A10000000000000000000008 /* PureTextCore in Frameworks */,
			);
			runOnlyForDeploymentPostprocessing = 0;
		};
/* End PBXFrameworksBuildPhase section */

/* Begin PBXGroup section */
		A1000000000000000000000A = {
			isa = PBXGroup;
			children = (
				A1000000000000000000000B /* PureTextiOS */,
				A1000000000000000000000C /* Products */,
			);
			sourceTree = "<group>";
		};
		A1000000000000000000000B /* PureTextiOS */ = {
			isa = PBXGroup;
			children = (
				A1000000000000000000001A /* Config */,
				A1000000000000000000000D /* App */,
				A1000000000000000000000E /* Features */,
				A1000000000000000000000F /* Infrastructure */,
				A10000000000000000000010 /* UI */,
				A10000000000000000000017 /* Assets.xcassets */,
			);
			path = PureTextiOS;
			sourceTree = "<group>";
		};
		A1000000000000000000000C /* Products */ = {
			isa = PBXGroup;
			children = (
				A10000000000000000000009 /* PureText.app */,
			);
			name = Products;
			sourceTree = "<group>";
		};
		A1000000000000000000000D /* App */ = {
			isa = PBXGroup;
			children = (
				A10000000000000000000011 /* PureTextiOSApp.swift */,
			);
			path = App;
			sourceTree = "<group>";
		};
		A1000000000000000000000E /* Features */ = {
			isa = PBXGroup;
			children = (
				A10000000000000000000018 /* Editor */,
			);
			path = Features;
			sourceTree = "<group>";
		};
		A1000000000000000000000F /* Infrastructure */ = {
			isa = PBXGroup;
			children = (
				A10000000000000000000019 /* Documents */,
			);
			path = Infrastructure;
			sourceTree = "<group>";
		};
		A10000000000000000000010 /* UI */ = {
			isa = PBXGroup;
			children = (
				A10000000000000000000016 /* PlainTextView.swift */,
			);
			path = UI;
			sourceTree = "<group>";
		};
		A10000000000000000000018 /* Editor */ = {
			isa = PBXGroup;
			children = (
				A10000000000000000000012 /* EditorSessionStore.swift */,
				A10000000000000000000013 /* EditorScreen.swift */,
			);
			path = Editor;
			sourceTree = "<group>";
		};
		A10000000000000000000019 /* Documents */ = {
			isa = PBXGroup;
			children = (
				A10000000000000000000014 /* PlainTextFileDocument.swift */,
				A10000000000000000000015 /* SessionDraftStore.swift */,
			);
			path = Documents;
			sourceTree = "<group>";
		};
		A1000000000000000000001A /* Config */ = {
			isa = PBXGroup;
			children = (
				A10000000000000000000070 /* Config/Shared.xcconfig */,
				A10000000000000000000071 /* Config/Local.example.xcconfig */,
			);
			name = Config;
			sourceTree = "<group>";
		};
/* End PBXGroup section */

/* Begin PBXNativeTarget section */
		A10000000000000000000020 /* PureTextiOS */ = {
			isa = PBXNativeTarget;
			buildConfigurationList = A10000000000000000000041 /* Build configuration list for PBXNativeTarget "PureTextiOS" */;
			buildPhases = (
				A10000000000000000000022 /* Sources */,
				A10000000000000000000021 /* Frameworks */,
				A10000000000000000000023 /* Resources */,
			);
			buildRules = (
			);
			dependencies = (
			);
			name = PureTextiOS;
			packageProductDependencies = (
				A10000000000000000000031 /* PureTextCore */,
			);
			productName = PureText;
			productReference = A10000000000000000000009 /* PureText.app */;
			productType = "com.apple.product-type.application";
		};
/* End PBXNativeTarget section */

/* Begin PBXProject section */
		A10000000000000000000030 /* Project object */ = {
			isa = PBXProject;
			attributes = {
				BuildIndependentTargetsInParallel = 1;
				LastUpgradeCheck = 2630;
				TargetAttributes = {
					A10000000000000000000020 = {
						CreatedOnToolsVersion = 26.3;
					};
				};
			};
			buildConfigurationList = A10000000000000000000040 /* Build configuration list for PBXProject "PureTextiOS" */;
			compatibilityVersion = "Xcode 16.0";
			developmentRegion = en;
			hasScannedForEncodings = 0;
			knownRegions = (
				en,
				Base,
			);
			mainGroup = A1000000000000000000000A;
			minimizedProjectReferenceProxies = 1;
			packageReferences = (
				A10000000000000000000032 /* XCLocalSwiftPackageReference "../../Packages/PureTextCore" */,
			);
			productRefGroup = A1000000000000000000000C /* Products */;
			projectDirPath = "";
			projectRoot = "";
			targets = (
				A10000000000000000000020 /* PureTextiOS */,
			);
		};
/* End PBXProject section */

/* Begin PBXResourcesBuildPhase section */
		A10000000000000000000023 /* Resources */ = {
			isa = PBXResourcesBuildPhase;
			buildActionMask = 2147483647;
			files = (
				A10000000000000000000007 /* Assets.xcassets in Resources */,
			);
			runOnlyForDeploymentPostprocessing = 0;
		};
/* End PBXResourcesBuildPhase section */

/* Begin PBXSourcesBuildPhase section */
		A10000000000000000000022 /* Sources */ = {
			isa = PBXSourcesBuildPhase;
			buildActionMask = 2147483647;
			files = (
				A10000000000000000000001 /* PureTextiOSApp.swift in Sources */,
				A10000000000000000000002 /* EditorSessionStore.swift in Sources */,
				A10000000000000000000003 /* EditorScreen.swift in Sources */,
				A10000000000000000000004 /* PlainTextFileDocument.swift in Sources */,
				A10000000000000000000005 /* SessionDraftStore.swift in Sources */,
				A10000000000000000000006 /* PlainTextView.swift in Sources */,
			);
			runOnlyForDeploymentPostprocessing = 0;
		};
/* End PBXSourcesBuildPhase section */

/* Begin XCBuildConfiguration section */
		A10000000000000000000050 /* Debug */ = {
			isa = XCBuildConfiguration;
			buildSettings = {
				ALWAYS_SEARCH_USER_PATHS = NO;
				CLANG_ANALYZER_NONNULL = YES;
				CLANG_ANALYZER_NUMBER_OBJECT_CONVERSION = YES_AGGRESSIVE;
				CLANG_CXX_LANGUAGE_STANDARD = "gnu++20";
				CLANG_ENABLE_MODULES = YES;
				CLANG_ENABLE_OBJC_ARC = YES;
				CLANG_ENABLE_OBJC_WEAK = YES;
				CLANG_WARN_BLOCK_CAPTURE_AUTORELEASING = YES;
				CLANG_WARN_BOOL_CONVERSION = YES;
				CLANG_WARN_COMMA = YES;
				CLANG_WARN_CONSTANT_CONVERSION = YES;
				CLANG_WARN_DEPRECATED_OBJC_IMPLEMENTATIONS = YES;
				CLANG_WARN_DIRECT_OBJC_ISA_USAGE = YES_ERROR;
				CLANG_WARN_DOCUMENTATION_COMMENTS = YES;
				CLANG_WARN_EMPTY_BODY = YES;
				CLANG_WARN_ENUM_CONVERSION = YES;
				CLANG_WARN_INFINITE_RECURSION = YES;
				CLANG_WARN_INT_CONVERSION = YES;
				CLANG_WARN_NON_LITERAL_NULL_CONVERSION = YES;
				CLANG_WARN_OBJC_IMPLICIT_RETAIN_SELF = YES;
				CLANG_WARN_OBJC_LITERAL_CONVERSION = YES;
				CLANG_WARN_OBJC_ROOT_CLASS = YES_ERROR;
				CLANG_WARN_QUOTED_INCLUDE_IN_FRAMEWORK_HEADER = YES;
				CLANG_WARN_RANGE_LOOP_ANALYSIS = YES;
				CLANG_WARN_STRICT_PROTOTYPES = YES;
				CLANG_WARN_SUSPICIOUS_MOVE = YES;
				CLANG_WARN_UNGUARDED_AVAILABILITY = YES_AGGRESSIVE;
				CLANG_WARN_UNREACHABLE_CODE = YES;
				CLANG_WARN__DUPLICATE_METHOD_MATCH = YES;
				COPY_PHASE_STRIP = NO;
				DEBUG_INFORMATION_FORMAT = dwarf;
				ENABLE_STRICT_OBJC_MSGSEND = YES;
				ENABLE_TESTABILITY = YES;
				GCC_C_LANGUAGE_STANDARD = gnu17;
				GCC_DYNAMIC_NO_PIC = NO;
				GCC_NO_COMMON_BLOCKS = YES;
				GCC_OPTIMIZATION_LEVEL = 0;
				GCC_PREPROCESSOR_DEFINITIONS = (
					"DEBUG=1",
					"$(inherited)",
				);
				GCC_WARN_64_TO_32_BIT_CONVERSION = YES;
				GCC_WARN_ABOUT_RETURN_TYPE = YES_ERROR;
				GCC_WARN_UNDECLARED_SELECTOR = YES;
				GCC_WARN_UNINITIALIZED_AUTOS = YES_AGGRESSIVE;
				GCC_WARN_UNUSED_FUNCTION = YES;
				GCC_WARN_UNUSED_VARIABLE = YES;
				IPHONEOS_DEPLOYMENT_TARGET = 15.0;
				MTL_ENABLE_DEBUG_INFO = INCLUDE_SOURCE;
				MTL_FAST_MATH = YES;
				ONLY_ACTIVE_ARCH = YES;
				SDKROOT = iphoneos;
				SWIFT_ACTIVE_COMPILATION_CONDITIONS = "DEBUG $(inherited)";
				SWIFT_OPTIMIZATION_LEVEL = "-Onone";
			};
			name = Debug;
		};
		A10000000000000000000051 /* Release */ = {
			isa = XCBuildConfiguration;
			buildSettings = {
				ALWAYS_SEARCH_USER_PATHS = NO;
				CLANG_ANALYZER_NONNULL = YES;
				CLANG_ANALYZER_NUMBER_OBJECT_CONVERSION = YES_AGGRESSIVE;
				CLANG_CXX_LANGUAGE_STANDARD = "gnu++20";
				CLANG_ENABLE_MODULES = YES;
				CLANG_ENABLE_OBJC_ARC = YES;
				CLANG_ENABLE_OBJC_WEAK = YES;
				CLANG_WARN_BLOCK_CAPTURE_AUTORELEASING = YES;
				CLANG_WARN_BOOL_CONVERSION = YES;
				CLANG_WARN_COMMA = YES;
				CLANG_WARN_CONSTANT_CONVERSION = YES;
				CLANG_WARN_DEPRECATED_OBJC_IMPLEMENTATIONS = YES;
				CLANG_WARN_DIRECT_OBJC_ISA_USAGE = YES_ERROR;
				CLANG_WARN_DOCUMENTATION_COMMENTS = YES;
				CLANG_WARN_EMPTY_BODY = YES;
				CLANG_WARN_ENUM_CONVERSION = YES;
				CLANG_WARN_INFINITE_RECURSION = YES;
				CLANG_WARN_INT_CONVERSION = YES;
				CLANG_WARN_NON_LITERAL_NULL_CONVERSION = YES;
				CLANG_WARN_OBJC_IMPLICIT_RETAIN_SELF = YES;
				CLANG_WARN_OBJC_LITERAL_CONVERSION = YES;
				CLANG_WARN_OBJC_ROOT_CLASS = YES_ERROR;
				CLANG_WARN_QUOTED_INCLUDE_IN_FRAMEWORK_HEADER = YES;
				CLANG_WARN_RANGE_LOOP_ANALYSIS = YES;
				CLANG_WARN_STRICT_PROTOTYPES = YES;
				CLANG_WARN_SUSPICIOUS_MOVE = YES;
				CLANG_WARN_UNGUARDED_AVAILABILITY = YES_AGGRESSIVE;
				CLANG_WARN_UNREACHABLE_CODE = YES;
				CLANG_WARN__DUPLICATE_METHOD_MATCH = YES;
				COPY_PHASE_STRIP = NO;
				DEBUG_INFORMATION_FORMAT = "dwarf-with-dsym";
				ENABLE_NS_ASSERTIONS = NO;
				ENABLE_STRICT_OBJC_MSGSEND = YES;
				GCC_C_LANGUAGE_STANDARD = gnu17;
				GCC_NO_COMMON_BLOCKS = YES;
				GCC_WARN_64_TO_32_BIT_CONVERSION = YES;
				GCC_WARN_ABOUT_RETURN_TYPE = YES_ERROR;
				GCC_WARN_UNDECLARED_SELECTOR = YES;
				GCC_WARN_UNINITIALIZED_AUTOS = YES_AGGRESSIVE;
				GCC_WARN_UNUSED_FUNCTION = YES;
				GCC_WARN_UNUSED_VARIABLE = YES;
				IPHONEOS_DEPLOYMENT_TARGET = 15.0;
				MTL_ENABLE_DEBUG_INFO = NO;
				MTL_FAST_MATH = YES;
				SDKROOT = iphoneos;
				SWIFT_COMPILATION_MODE = wholemodule;
				VALIDATE_PRODUCT = YES;
			};
			name = Release;
		};
		A10000000000000000000060 /* Debug */ = {
			isa = XCBuildConfiguration;
			baseConfigurationReference = A10000000000000000000070 /* Config/Shared.xcconfig */;
			buildSettings = {
				ASSETCATALOG_COMPILER_APPICON_NAME = AppIcon;
				CODE_SIGN_STYLE = Automatic;
				CURRENT_PROJECT_VERSION = 2;
				GENERATE_INFOPLIST_FILE = NO;
				INFOPLIST_FILE = PureTextiOS/Support/Info.plist;
				IPHONEOS_DEPLOYMENT_TARGET = 15.0;
				LD_RUNPATH_SEARCH_PATHS = (
					"$(inherited)",
					"@executable_path/Frameworks",
				);
				MARKETING_VERSION = 0.3.2;
				PRODUCT_NAME = PureText;
				SDKROOT = iphoneos;
				SUPPORTED_PLATFORMS = "iphoneos iphonesimulator";
				SWIFT_EMIT_LOC_STRINGS = YES;
				SWIFT_VERSION = 6.0;
				TARGETED_DEVICE_FAMILY = "1,2";
			};
			name = Debug;
		};
		A10000000000000000000061 /* Release */ = {
			isa = XCBuildConfiguration;
			baseConfigurationReference = A10000000000000000000070 /* Config/Shared.xcconfig */;
			buildSettings = {
				ASSETCATALOG_COMPILER_APPICON_NAME = AppIcon;
				CODE_SIGN_STYLE = Automatic;
				CURRENT_PROJECT_VERSION = 2;
				GENERATE_INFOPLIST_FILE = NO;
				INFOPLIST_FILE = PureTextiOS/Support/Info.plist;
				IPHONEOS_DEPLOYMENT_TARGET = 15.0;
				LD_RUNPATH_SEARCH_PATHS = (
					"$(inherited)",
					"@executable_path/Frameworks",
				);
				MARKETING_VERSION = 0.3.2;
				PRODUCT_NAME = PureText;
				SDKROOT = iphoneos;
				SUPPORTED_PLATFORMS = "iphoneos iphonesimulator";
				SWIFT_EMIT_LOC_STRINGS = YES;
				SWIFT_VERSION = 6.0;
				TARGETED_DEVICE_FAMILY = "1,2";
			};
			name = Release;
		};
/* End XCBuildConfiguration section */

/* Begin XCConfigurationList section */
		A10000000000000000000040 /* Build configuration list for PBXProject "PureTextiOS" */ = {
			isa = XCConfigurationList;
			buildConfigurations = (
				A10000000000000000000050 /* Debug */,
				A10000000000000000000051 /* Release */,
			);
			defaultConfigurationIsVisible = 0;
			defaultConfigurationName = Release;
		};
		A10000000000000000000041 /* Build configuration list for PBXNativeTarget "PureTextiOS" */ = {
			isa = XCConfigurationList;
			buildConfigurations = (
				A10000000000000000000060 /* Debug */,
				A10000000000000000000061 /* Release */,
			);
			defaultConfigurationIsVisible = 0;
			defaultConfigurationName = Release;
		};
/* End XCConfigurationList section */

/* Begin XCLocalSwiftPackageReference section */
		A10000000000000000000032 /* XCLocalSwiftPackageReference "../../Packages/PureTextCore" */ = {
			isa = XCLocalSwiftPackageReference;
			relativePath = ../../Packages/PureTextCore;
		};
/* End XCLocalSwiftPackageReference section */

/* Begin XCSwiftPackageProductDependency section */
		A10000000000000000000031 /* PureTextCore */ = {
			isa = XCSwiftPackageProductDependency;
			package = A10000000000000000000032 /* XCLocalSwiftPackageReference "../../Packages/PureTextCore" */;
			productName = PureTextCore;
		};
/* End XCSwiftPackageProductDependency section */
	};
	rootObject = A10000000000000000000030 /* Project object */;
}
